// !$*UTF8*$!
{
	archiveVersion = 1;
	classes = {
	};
	objectVersion = 46;
	objects = {

/* Begin PBXBuildFile section */
		210E53ED1C986D3A008DD5E3 /* UIView+Radius.swift in Sources */ = {isa = PBXBuildFile; fileRef = 210E53EC1C986D3A008DD5E3 /* UIView+Radius.swift */; };
		210E53EF1C986D57008DD5E3 /* UIImage+Rotation.swift in Sources */ = {isa = PBXBuildFile; fileRef = 210E53EE1C986D57008DD5E3 /* UIImage+Rotation.swift */; };
		26C97AD51D0EB6870039F6CB /* SKCache.swift in Sources */ = {isa = PBXBuildFile; fileRef = 26C97AD41D0EB6870039F6CB /* SKCache.swift */; };
		26C97AD71D0EB6A00039F6CB /* SKCacheTests.swift in Sources */ = {isa = PBXBuildFile; fileRef = 26C97AD61D0EB6A00039F6CB /* SKCacheTests.swift */; };
		26C97AD91D0EB8BB0039F6CB /* SKCacheable.swift in Sources */ = {isa = PBXBuildFile; fileRef = 26C97AD81D0EB8BB0039F6CB /* SKCacheable.swift */; };
		7643F4B41FE8CE7A00475F6E /* SKActionView.swift in Sources */ = {isa = PBXBuildFile; fileRef = 7643F4B31FE8CE7A00475F6E /* SKActionView.swift */; };
		7643F4B61FE9F42F00475F6E /* SKPaginationView.swift in Sources */ = {isa = PBXBuildFile; fileRef = 7643F4B51FE9F42F00475F6E /* SKPaginationView.swift */; };
		7643F4B91FEA4FCF00475F6E /* SKToolbar.swift in Sources */ = {isa = PBXBuildFile; fileRef = 7643F4B81FEA4FCF00475F6E /* SKToolbar.swift */; };
		8909B5341BC791280060A053 /* SKPhotoBrowser.h in Headers */ = {isa = PBXBuildFile; fileRef = 8909B5331BC791280060A053 /* SKPhotoBrowser.h */; settings = {ATTRIBUTES = (Public, ); }; };
		8909B5431BC791510060A053 /* SKCaptionView.swift in Sources */ = {isa = PBXBuildFile; fileRef = 8909B53B1BC791510060A053 /* SKCaptionView.swift */; };
		8909B5441BC791510060A053 /* SKDetectingImageView.swift in Sources */ = {isa = PBXBuildFile; fileRef = 8909B53C1BC791510060A053 /* SKDetectingImageView.swift */; };
		8909B5451BC791510060A053 /* SKDetectingView.swift in Sources */ = {isa = PBXBuildFile; fileRef = 8909B53D1BC791510060A053 /* SKDetectingView.swift */; };
		8909B5461BC791510060A053 /* SKIndicatorView.swift in Sources */ = {isa = PBXBuildFile; fileRef = 8909B53E1BC791510060A053 /* SKIndicatorView.swift */; };
		8909B5471BC791510060A053 /* SKPhoto.swift in Sources */ = {isa = PBXBuildFile; fileRef = 8909B53F1BC791510060A053 /* SKPhoto.swift */; };
		8909B5491BC791510060A053 /* SKPhotoBrowser.swift in Sources */ = {isa = PBXBuildFile; fileRef = 8909B5411BC791510060A053 /* SKPhotoBrowser.swift */; };
		8909B54A1BC791510060A053 /* SKZoomingScrollView.swift in Sources */ = {isa = PBXBuildFile; fileRef = 8909B5421BC791510060A053 /* SKZoomingScrollView.swift */; };
		8909B54D1BC7916E0060A053 /* SKPhotoBrowser.bundle in Resources */ = {isa = PBXBuildFile; fileRef = 8909B54C1BC7916E0060A053 /* SKPhotoBrowser.bundle */; };
		8917B1B01D5A13DE000CE1C4 /* SKPhotoBrowserDelegate.swift in Sources */ = {isa = PBXBuildFile; fileRef = 8917B1AF1D5A13DE000CE1C4 /* SKPhotoBrowserDelegate.swift */; };
		8917B1B41D5A14B0000CE1C4 /* SKButtons.swift in Sources */ = {isa = PBXBuildFile; fileRef = 8917B1B31D5A14B0000CE1C4 /* SKButtons.swift */; };
		89C24A821D657AD1005F09A9 /* SKPhotoBrowserOptions.swift in Sources */ = {isa = PBXBuildFile; fileRef = 89C24A811D657AD1005F09A9 /* SKPhotoBrowserOptions.swift */; };
		89C24A841D657AFE005F09A9 /* SKPagingScrollView.swift in Sources */ = {isa = PBXBuildFile; fileRef = 89C24A831D657AFE005F09A9 /* SKPagingScrollView.swift */; };
		89D0BA471D5994A8002A811B /* SKAnimator.swift in Sources */ = {isa = PBXBuildFile; fileRef = 89D0BA461D5994A8002A811B /* SKAnimator.swift */; };
		89D0BA491D59966B002A811B /* SKMesurement.swift in Sources */ = {isa = PBXBuildFile; fileRef = 89D0BA481D59966B002A811B /* SKMesurement.swift */; };
		8CA6C6521CBE76E80054D3C2 /* SKLocalPhoto.swift in Sources */ = {isa = PBXBuildFile; fileRef = 8CA6C6511CBE76E80054D3C2 /* SKLocalPhoto.swift */; };
		A64B89361CB04222000071B9 /* SKPhotoBrowserTests.swift in Sources */ = {isa = PBXBuildFile; fileRef = A64B89351CB04222000071B9 /* SKPhotoBrowserTests.swift */; };
		A64B89381CB04222000071B9 /* SKPhotoBrowser.framework in Frameworks */ = {isa = PBXBuildFile; fileRef = 8909B5301BC791280060A053 /* SKPhotoBrowser.framework */; };
		D2265CCF1F799C75009256CC /* UIApplication+UIWindow.swift in Sources */ = {isa = PBXBuildFile; fileRef = D2265CCE1F799C75009256CC /* UIApplication+UIWindow.swift */; };
/* End PBXBuildFile section */

/* Begin PBXContainerItemProxy section */
		A64B89391CB04222000071B9 /* PBXContainerItemProxy */ = {
			isa = PBXContainerItemProxy;
			containerPortal = 8909B5271BC791280060A053 /* Project object */;
			proxyType = 1;
			remoteGlobalIDString = 8909B52F1BC791280060A053;
			remoteInfo = SKPhotoBrowser;
		};
/* End PBXContainerItemProxy section */

/* Begin PBXFileReference section */
		210E53EC1C986D3A008DD5E3 /* UIView+Radius.swift */ = {isa = PBXFileReference; fileEncoding = 4; lastKnownFileType = sourcecode.swift; name = "UIView+Radius.swift"; path = "extensions/UIView+Radius.swift"; sourceTree = "<group>"; };
		210E53EE1C986D57008DD5E3 /* UIImage+Rotation.swift */ = {isa = PBXFileReference; fileEncoding = 4; lastKnownFileType = sourcecode.swift; name = "UIImage+Rotation.swift"; path = "extensions/UIImage+Rotation.swift"; sourceTree = "<group>"; };
		26C97AD41D0EB6870039F6CB /* SKCache.swift */ = {isa = PBXFileReference; fileEncoding = 4; lastKnownFileType = sourcecode.swift; path = SKCache.swift; sourceTree = "<group>"; };
		26C97AD61D0EB6A00039F6CB /* SKCacheTests.swift */ = {isa = PBXFileReference; fileEncoding = 4; lastKnownFileType = sourcecode.swift; path = SKCacheTests.swift; sourceTree = "<group>"; };
		26C97AD81D0EB8BB0039F6CB /* SKCacheable.swift */ = {isa = PBXFileReference; fileEncoding = 4; lastKnownFileType = sourcecode.swift; path = SKCacheable.swift; sourceTree = "<group>"; };
		7643F4B31FE8CE7A00475F6E /* SKActionView.swift */ = {isa = PBXFileReference; lastKnownFileType = sourcecode.swift; path = SKActionView.swift; sourceTree = "<group>"; };
		7643F4B51FE9F42F00475F6E /* SKPaginationView.swift */ = {isa = PBXFileReference; lastKnownFileType = sourcecode.swift; path = SKPaginationView.swift; sourceTree = "<group>"; };
		7643F4B81FEA4FCF00475F6E /* SKToolbar.swift */ = {isa = PBXFileReference; lastKnownFileType = sourcecode.swift; path = SKToolbar.swift; sourceTree = "<group>"; };
		8909B5301BC791280060A053 /* SKPhotoBrowser.framework */ = {isa = PBXFileReference; explicitFileType = wrapper.framework; includeInIndex = 0; path = SKPhotoBrowser.framework; sourceTree = BUILT_PRODUCTS_DIR; };
		8909B5331BC791280060A053 /* SKPhotoBrowser.h */ = {isa = PBXFileReference; lastKnownFileType = sourcecode.c.h; path = SKPhotoBrowser.h; sourceTree = "<group>"; };
		8909B5351BC791280060A053 /* Info.plist */ = {isa = PBXFileReference; lastKnownFileType = text.plist.xml; path = Info.plist; sourceTree = "<group>"; };
		8909B53B1BC791510060A053 /* SKCaptionView.swift */ = {isa = PBXFileReference; fileEncoding = 4; lastKnownFileType = sourcecode.swift; path = SKCaptionView.swift; sourceTree = "<group>"; };
		8909B53C1BC791510060A053 /* SKDetectingImageView.swift */ = {isa = PBXFileReference; fileEncoding = 4; lastKnownFileType = sourcecode.swift; path = SKDetectingImageView.swift; sourceTree = "<group>"; };
		8909B53D1BC791510060A053 /* SKDetectingView.swift */ = {isa = PBXFileReference; fileEncoding = 4; lastKnownFileType = sourcecode.swift; path = SKDetectingView.swift; sourceTree = "<group>"; };
		8909B53E1BC791510060A053 /* SKIndicatorView.swift */ = {isa = PBXFileReference; fileEncoding = 4; lastKnownFileType = sourcecode.swift; path = SKIndicatorView.swift; sourceTree = "<group>"; };
		8909B53F1BC791510060A053 /* SKPhoto.swift */ = {isa = PBXFileReference; fileEncoding = 4; lastKnownFileType = sourcecode.swift; path = SKPhoto.swift; sourceTree = "<group>"; };
		8909B5411BC791510060A053 /* SKPhotoBrowser.swift */ = {isa = PBXFileReference; fileEncoding = 4; lastKnownFileType = sourcecode.swift; path = SKPhotoBrowser.swift; sourceTree = "<group>"; };
		8909B5421BC791510060A053 /* SKZoomingScrollView.swift */ = {isa = PBXFileReference; fileEncoding = 4; lastKnownFileType = sourcecode.swift; path = SKZoomingScrollView.swift; sourceTree = "<group>"; };
		8909B54C1BC7916E0060A053 /* SKPhotoBrowser.bundle */ = {isa = PBXFileReference; lastKnownFileType = "wrapper.plug-in"; path = SKPhotoBrowser.bundle; sourceTree = "<group>"; };
		8917B1AF1D5A13DE000CE1C4 /* SKPhotoBrowserDelegate.swift */ = {isa = PBXFileReference; fileEncoding = 4; lastKnownFileType = sourcecode.swift; path = SKPhotoBrowserDelegate.swift; sourceTree = "<group>"; };
		8917B1B31D5A14B0000CE1C4 /* SKButtons.swift */ = {isa = PBXFileReference; fileEncoding = 4; lastKnownFileType = sourcecode.swift; path = SKButtons.swift; sourceTree = "<group>"; };
		89C24A811D657AD1005F09A9 /* SKPhotoBrowserOptions.swift */ = {isa = PBXFileReference; fileEncoding = 4; lastKnownFileType = sourcecode.swift; path = SKPhotoBrowserOptions.swift; sourceTree = "<group>"; };
		89C24A831D657AFE005F09A9 /* SKPagingScrollView.swift */ = {isa = PBXFileReference; fileEncoding = 4; lastKnownFileType = sourcecode.swift; path = SKPagingScrollView.swift; sourceTree = "<group>"; };
		89D0BA461D5994A8002A811B /* SKAnimator.swift */ = {isa = PBXFileReference; fileEncoding = 4; lastKnownFileType = sourcecode.swift; path = SKAnimator.swift; sourceTree = "<group>"; };
		89D0BA481D59966B002A811B /* SKMesurement.swift */ = {isa = PBXFileReference; fileEncoding = 4; lastKnownFileType = sourcecode.swift; path = SKMesurement.swift; sourceTree = "<group>"; };
		8CA6C6511CBE76E80054D3C2 /* SKLocalPhoto.swift */ = {isa = PBXFileReference; fileEncoding = 4; lastKnownFileType = sourcecode.swift; path = SKLocalPhoto.swift; sourceTree = "<group>"; };
		A64B89331CB04222000071B9 /* SKPhotoBrowserTests.xctest */ = {isa = PBXFileReference; explicitFileType = wrapper.cfbundle; includeInIndex = 0; path = SKPhotoBrowserTests.xctest; sourceTree = BUILT_PRODUCTS_DIR; };
		A64B89351CB04222000071B9 /* SKPhotoBrowserTests.swift */ = {isa = PBXFileReference; lastKnownFileType = sourcecode.swift; path = SKPhotoBrowserTests.swift; sourceTree = "<group>"; };
		A64B89371CB04222000071B9 /* Info.plist */ = {isa = PBXFileReference; lastKnownFileType = text.plist.xml; path = Info.plist; sourceTree = "<group>"; };
		D2265CCE1F799C75009256CC /* UIApplication+UIWindow.swift */ = {isa = PBXFileReference; fileEncoding = 4; lastKnownFileType = sourcecode.swift; path = "UIApplication+UIWindow.swift"; sourceTree = "<group>"; };
/* End PBXFileReference section */

/* Begin PBXFrameworksBuildPhase section */
		8909B52C1BC791280060A053 /* Frameworks */ = {
			isa = PBXFrameworksBuildPhase;
			buildActionMask = 2147483647;
			files = (
			);
			runOnlyForDeploymentPostprocessing = 0;
		};
		A64B89301CB04222000071B9 /* Frameworks */ = {
			isa = PBXFrameworksBuildPhase;
			buildActionMask = 2147483647;
			files = (
				A64B89381CB04222000071B9 /* SKPhotoBrowser.framework in Frameworks */,
			);
			runOnlyForDeploymentPostprocessing = 0;
		};
/* End PBXFrameworksBuildPhase section */

/* Begin PBXGroup section */
		210E53EB1C986D1C008DD5E3 /* extensions */ = {
			isa = PBXGroup;
			children = (
				210E53EC1C986D3A008DD5E3 /* UIView+Radius.swift */,
				210E53EE1C986D57008DD5E3 /* UIImage+Rotation.swift */,
				D2265CCE1F799C75009256CC /* UIApplication+UIWindow.swift */,
			);
			name = extensions;
			sourceTree = "<group>";
		};
		8909B5261BC791280060A053 = {
			isa = PBXGroup;
			children = (
				8909B5321BC791280060A053 /* SKPhotoBrowser */,
				A64B89341CB04222000071B9 /* SKPhotoBrowserTests */,
				8909B5311BC791280060A053 /* Products */,
			);
			sourceTree = "<group>";
		};
		8909B5311BC791280060A053 /* Products */ = {
			isa = PBXGroup;
			children = (
				8909B5301BC791280060A053 /* SKPhotoBrowser.framework */,
				A64B89331CB04222000071B9 /* SKPhotoBrowserTests.xctest */,
			);
			name = Products;
			sourceTree = "<group>";
		};
		8909B5321BC791280060A053 /* SKPhotoBrowser */ = {
			isa = PBXGroup;
			children = (
				7643F4B31FE8CE7A00475F6E /* SKActionView.swift */,
				89D0BA461D5994A8002A811B /* SKAnimator.swift */,
				8917B1B31D5A14B0000CE1C4 /* SKButtons.swift */,
				26C97AD41D0EB6870039F6CB /* SKCache.swift */,
				26C97AD81D0EB8BB0039F6CB /* SKCacheable.swift */,
				8909B53B1BC791510060A053 /* SKCaptionView.swift */,
				8909B53C1BC791510060A053 /* SKDetectingImageView.swift */,
				8909B53D1BC791510060A053 /* SKDetectingView.swift */,
				8909B53E1BC791510060A053 /* SKIndicatorView.swift */,
				8CA6C6511CBE76E80054D3C2 /* SKLocalPhoto.swift */,
				89D0BA481D59966B002A811B /* SKMesurement.swift */,
				7643F4B51FE9F42F00475F6E /* SKPaginationView.swift */,
				89C24A831D657AFE005F09A9 /* SKPagingScrollView.swift */,
				8909B53F1BC791510060A053 /* SKPhoto.swift */,
				8909B5411BC791510060A053 /* SKPhotoBrowser.swift */,
				89C24A811D657AD1005F09A9 /* SKPhotoBrowserOptions.swift */,
				8909B5331BC791280060A053 /* SKPhotoBrowser.h */,
				8917B1AF1D5A13DE000CE1C4 /* SKPhotoBrowserDelegate.swift */,
				7643F4B81FEA4FCF00475F6E /* SKToolbar.swift */,
				8909B5421BC791510060A053 /* SKZoomingScrollView.swift */,
				8909B5351BC791280060A053 /* Info.plist */,
				210E53EB1C986D1C008DD5E3 /* extensions */,
				8909B54C1BC7916E0060A053 /* SKPhotoBrowser.bundle */,
			);
			path = SKPhotoBrowser;
			sourceTree = "<group>";
		};
		A64B89341CB04222000071B9 /* SKPhotoBrowserTests */ = {
			isa = PBXGroup;
			children = (
				26C97AD61D0EB6A00039F6CB /* SKCacheTests.swift */,
				A64B89351CB04222000071B9 /* SKPhotoBrowserTests.swift */,
				A64B89371CB04222000071B9 /* Info.plist */,
			);
			path = SKPhotoBrowserTests;
			sourceTree = "<group>";
		};
/* End PBXGroup section */

/* Begin PBXHeadersBuildPhase section */
		8909B52D1BC791280060A053 /* Headers */ = {
			isa = PBXHeadersBuildPhase;
			buildActionMask = 2147483647;
			files = (
				8909B5341BC791280060A053 /* SKPhotoBrowser.h in Headers */,
			);
			runOnlyForDeploymentPostprocessing = 0;
		};
/* End PBXHeadersBuildPhase section */

/* Begin PBXNativeTarget section */
		8909B52F1BC791280060A053 /* SKPhotoBrowser */ = {
			isa = PBXNativeTarget;
			buildConfigurationList = 8909B5381BC791280060A053 /* Build configuration list for PBXNativeTarget "SKPhotoBrowser" */;
			buildPhases = (
				8909B52B1BC791280060A053 /* Sources */,
				8909B52C1BC791280060A053 /* Frameworks */,
				8909B52D1BC791280060A053 /* Headers */,
				8909B52E1BC791280060A053 /* Resources */,
				898687D41C5F4BB600652FD0 /* ShellScript */,
			);
			buildRules = (
			);
			dependencies = (
			);
			name = SKPhotoBrowser;
			productName = SKPhotoBrowser;
			productReference = 8909B5301BC791280060A053 /* SKPhotoBrowser.framework */;
			productType = "com.apple.product-type.framework";
		};
		A64B89321CB04222000071B9 /* SKPhotoBrowserTests */ = {
			isa = PBXNativeTarget;
			buildConfigurationList = A64B893D1CB04222000071B9 /* Build configuration list for PBXNativeTarget "SKPhotoBrowserTests" */;
			buildPhases = (
				A64B892F1CB04222000071B9 /* Sources */,
				A64B89301CB04222000071B9 /* Frameworks */,
				A64B89311CB04222000071B9 /* Resources */,
			);
			buildRules = (
			);
			dependencies = (
				A64B893A1CB04222000071B9 /* PBXTargetDependency */,
			);
			name = SKPhotoBrowserTests;
			productName = SKPhotoBrowserTests;
			productReference = A64B89331CB04222000071B9 /* SKPhotoBrowserTests.xctest */;
			productType = "com.apple.product-type.bundle.unit-test";
		};
/* End PBXNativeTarget section */

/* Begin PBXProject section */
		8909B5271BC791280060A053 /* Project object */ = {
			isa = PBXProject;
			attributes = {
				LastSwiftUpdateCheck = 0730;
				LastUpgradeCheck = 1000;
				ORGANIZATIONNAME = suzuki_keishi;
				TargetAttributes = {
					8909B52F1BC791280060A053 = {
						CreatedOnToolsVersion = 7.0;
						LastSwiftMigration = 0900;
					};
					A64B89321CB04222000071B9 = {
						CreatedOnToolsVersion = 7.3;
						LastSwiftMigration = 0800;
					};
				};
			};
			buildConfigurationList = 8909B52A1BC791280060A053 /* Build configuration list for PBXProject "SKPhotoBrowser" */;
			compatibilityVersion = "Xcode 3.2";
			developmentRegion = English;
			hasScannedForEncodings = 0;
			knownRegions = (
				en,
			);
			mainGroup = 8909B5261BC791280060A053;
			productRefGroup = 8909B5311BC791280060A053 /* Products */;
			projectDirPath = "";
			projectRoot = "";
			targets = (
				8909B52F1BC791280060A053 /* SKPhotoBrowser */,
				A64B89321CB04222000071B9 /* SKPhotoBrowserTests */,
			);
		};
/* End PBXProject section */

/* Begin PBXResourcesBuildPhase section */
		8909B52E1BC791280060A053 /* Resources */ = {
			isa = PBXResourcesBuildPhase;
			buildActionMask = 2147483647;
			files = (
				8909B54D1BC7916E0060A053 /* SKPhotoBrowser.bundle in Resources */,
			);
			runOnlyForDeploymentPostprocessing = 0;
		};
		A64B89311CB04222000071B9 /* Resources */ = {
			isa = PBXResourcesBuildPhase;
			buildActionMask = 2147483647;
			files = (
			);
			runOnlyForDeploymentPostprocessing = 0;
		};
/* End PBXResourcesBuildPhase section */

/* Begin PBXShellScriptBuildPhase section */
		898687D41C5F4BB600652FD0 /* ShellScript */ = {
			isa = PBXShellScriptBuildPhase;
			buildActionMask = 2147483647;
			files = (
			);
			inputPaths = (
			);
			outputPaths = (
			);
			runOnlyForDeploymentPostprocessing = 0;
			shellPath = /bin/sh;
			shellScript = "if which swiftlint >/dev/null; then\nswiftlint\nelse\necho \"SwiftLint does not exist, download from https://github.com/realm/SwiftLint\"\nfi";
		};
/* End PBXShellScriptBuildPhase section */

/* Begin PBXSourcesBuildPhase section */
		8909B52B1BC791280060A053 /* Sources */ = {
			isa = PBXSourcesBuildPhase;
			buildActionMask = 2147483647;
			files = (
				26C97AD91D0EB8BB0039F6CB /* SKCacheable.swift in Sources */,
				7643F4B91FEA4FCF00475F6E /* SKToolbar.swift in Sources */,
				89C24A841D657AFE005F09A9 /* SKPagingScrollView.swift in Sources */,
				8909B5441BC791510060A053 /* SKDetectingImageView.swift in Sources */,
				8909B54A1BC791510060A053 /* SKZoomingScrollView.swift in Sources */,
				8CA6C6521CBE76E80054D3C2 /* SKLocalPhoto.swift in Sources */,
				89D0BA471D5994A8002A811B /* SKAnimator.swift in Sources */,
				210E53ED1C986D3A008DD5E3 /* UIView+Radius.swift in Sources */,
				7643F4B61FE9F42F00475F6E /* SKPaginationView.swift in Sources */,
				7643F4B41FE8CE7A00475F6E /* SKActionView.swift in Sources */,
				8917B1B01D5A13DE000CE1C4 /* SKPhotoBrowserDelegate.swift in Sources */,
				D2265CCF1F799C75009256CC /* UIApplication+UIWindow.swift in Sources */,
				89D0BA491D59966B002A811B /* SKMesurement.swift in Sources */,
				8909B5471BC791510060A053 /* SKPhoto.swift in Sources */,
				8909B5461BC791510060A053 /* SKIndicatorView.swift in Sources */,
				8917B1B41D5A14B0000CE1C4 /* SKButtons.swift in Sources */,
				89C24A821D657AD1005F09A9 /* SKPhotoBrowserOptions.swift in Sources */,
				26C97AD51D0EB6870039F6CB /* SKCache.swift in Sources */,
				210E53EF1C986D57008DD5E3 /* UIImage+Rotation.swift in Sources */,
				8909B5431BC791510060A053 /* SKCaptionView.swift in Sources */,
				8909B5491BC791510060A053 /* SKPhotoBrowser.swift in Sources */,
				8909B5451BC791510060A053 /* SKDetectingView.swift in Sources */,
			);
			runOnlyForDeploymentPostprocessing = 0;
		};
		A64B892F1CB04222000071B9 /* Sources */ = {
			isa = PBXSourcesBuildPhase;
			buildActionMask = 2147483647;
			files = (
				26C97AD71D0EB6A00039F6CB /* SKCacheTests.swift in Sources */,
				A64B89361CB04222000071B9 /* SKPhotoBrowserTests.swift in Sources */,
			);
			runOnlyForDeploymentPostprocessing = 0;
		};
/* End PBXSourcesBuildPhase section */

/* Begin PBXTargetDependency section */
		A64B893A1CB04222000071B9 /* PBXTargetDependency */ = {
			isa = PBXTargetDependency;
			target = 8909B52F1BC791280060A053 /* SKPhotoBrowser */;
			targetProxy = A64B89391CB04222000071B9 /* PBXContainerItemProxy */;
		};
/* End PBXTargetDependency section */

/* Begin XCBuildConfiguration section */
		8909B5361BC791280060A053 /* Debug */ = {
			isa = XCBuildConfiguration;
			buildSettings = {
				ALWAYS_SEARCH_USER_PATHS = NO;
				CLANG_CXX_LANGUAGE_STANDARD = "gnu++0x";
				CLANG_CXX_LIBRARY = "libc++";
				CLANG_ENABLE_MODULES = YES;
				CLANG_ENABLE_OBJC_ARC = YES;
				CLANG_WARN_BLOCK_CAPTURE_AUTORELEASING = YES;
				CLANG_WARN_BOOL_CONVERSION = YES;
				CLANG_WARN_COMMA = YES;
				CLANG_WARN_CONSTANT_CONVERSION = YES;
				CLANG_WARN_DEPRECATED_OBJC_IMPLEMENTATIONS = YES;
				CLANG_WARN_DIRECT_OBJC_ISA_USAGE = YES_ERROR;
				CLANG_WARN_EMPTY_BODY = YES;
				CLANG_WARN_ENUM_CONVERSION = YES;
				CLANG_WARN_INFINITE_RECURSION = YES;
				CLANG_WARN_INT_CONVERSION = YES;
				CLANG_WARN_NON_LITERAL_NULL_CONVERSION = YES;
				CLANG_WARN_OBJC_IMPLICIT_RETAIN_SELF = YES;
				CLANG_WARN_OBJC_LITERAL_CONVERSION = YES;
				CLANG_WARN_OBJC_ROOT_CLASS = YES_ERROR;
				CLANG_WARN_RANGE_LOOP_ANALYSIS = YES;
				CLANG_WARN_STRICT_PROTOTYPES = YES;
				CLANG_WARN_SUSPICIOUS_MOVE = YES;
				CLANG_WARN_UNREACHABLE_CODE = YES;
				CLANG_WARN__DUPLICATE_METHOD_MATCH = YES;
				"CODE_SIGN_IDENTITY[sdk=iphoneos*]" = "iPhone Developer";
				COPY_PHASE_STRIP = NO;
				CURRENT_PROJECT_VERSION = 1;
				DEBUG_INFORMATION_FORMAT = dwarf;
				ENABLE_STRICT_OBJC_MSGSEND = YES;
				ENABLE_TESTABILITY = YES;
				GCC_C_LANGUAGE_STANDARD = gnu99;
				GCC_DYNAMIC_NO_PIC = NO;
				GCC_NO_COMMON_BLOCKS = YES;
				GCC_OPTIMIZATION_LEVEL = 0;
				GCC_PREPROCESSOR_DEFINITIONS = (
					"DEBUG=1",
					"$(inherited)",
				);
				GCC_WARN_64_TO_32_BIT_CONVERSION = YES;
				GCC_WARN_ABOUT_RETURN_TYPE = YES_ERROR;
				GCC_WARN_UNDECLARED_SELECTOR = YES;
				GCC_WARN_UNINITIALIZED_AUTOS = YES_AGGRESSIVE;
				GCC_WARN_UNUSED_FUNCTION = YES;
				GCC_WARN_UNUSED_VARIABLE = YES;
				IPHONEOS_DEPLOYMENT_TARGET = 9.0;
				MTL_ENABLE_DEBUG_INFO = YES;
				ONLY_ACTIVE_ARCH = YES;
				SDKROOT = iphoneos;
				SWIFT_OPTIMIZATION_LEVEL = "-Onone";
				TARGETED_DEVICE_FAMILY = "1,2";
				VERSIONING_SYSTEM = "apple-generic";
				VERSION_INFO_PREFIX = "";
			};
			name = Debug;
		};
		8909B5371BC791280060A053 /* Release */ = {
			isa = XCBuildConfiguration;
			buildSettings = {
				ALWAYS_SEARCH_USER_PATHS = NO;
				CLANG_CXX_LANGUAGE_STANDARD = "gnu++0x";
				CLANG_CXX_LIBRARY = "libc++";
				CLANG_ENABLE_MODULES = YES;
				CLANG_ENABLE_OBJC_ARC = YES;
				CLANG_WARN_BLOCK_CAPTURE_AUTORELEASING = YES;
				CLANG_WARN_BOOL_CONVERSION = YES;
				CLANG_WARN_COMMA = YES;
				CLANG_WARN_CONSTANT_CONVERSION = YES;
				CLANG_WARN_DEPRECATED_OBJC_IMPLEMENTATIONS = YES;
				CLANG_WARN_DIRECT_OBJC_ISA_USAGE = YES_ERROR;
				CLANG_WARN_EMPTY_BODY = YES;
				CLANG_WARN_ENUM_CONVERSION = YES;
				CLANG_WARN_INFINITE_RECURSION = YES;
				CLANG_WARN_INT_CONVERSION = YES;
				CLANG_WARN_NON_LITERAL_NULL_CONVERSION = YES;
				CLANG_WARN_OBJC_IMPLICIT_RETAIN_SELF = YES;
				CLANG_WARN_OBJC_LITERAL_CONVERSION = YES;
				CLANG_WARN_OBJC_ROOT_CLASS = YES_ERROR;
				CLANG_WARN_RANGE_LOOP_ANALYSIS = YES;
				CLANG_WARN_STRICT_PROTOTYPES = YES;
				CLANG_WARN_SUSPICIOUS_MOVE = YES;
				CLANG_WARN_UNREACHABLE_CODE = YES;
				CLANG_WARN__DUPLICATE_METHOD_MATCH = YES;
				"CODE_SIGN_IDENTITY[sdk=iphoneos*]" = "iPhone Developer";
				COPY_PHASE_STRIP = NO;
				CURRENT_PROJECT_VERSION = 1;
				DEBUG_INFORMATION_FORMAT = "dwarf-with-dsym";
				ENABLE_NS_ASSERTIONS = NO;
				ENABLE_STRICT_OBJC_MSGSEND = YES;
				GCC_C_LANGUAGE_STANDARD = gnu99;
				GCC_NO_COMMON_BLOCKS = YES;
				GCC_WARN_64_TO_32_BIT_CONVERSION = YES;
				GCC_WARN_ABOUT_RETURN_TYPE = YES_ERROR;
				GCC_WARN_UNDECLARED_SELECTOR = YES;
				GCC_WARN_UNINITIALIZED_AUTOS = YES_AGGRESSIVE;
				GCC_WARN_UNUSED_FUNCTION = YES;
				GCC_WARN_UNUSED_VARIABLE = YES;
				IPHONEOS_DEPLOYMENT_TARGET = 9.0;
				MTL_ENABLE_DEBUG_INFO = NO;
				SDKROOT = iphoneos;
				SWIFT_OPTIMIZATION_LEVEL = "-Owholemodule";
				TARGETED_DEVICE_FAMILY = "1,2";
				VALIDATE_PRODUCT = YES;
				VERSIONING_SYSTEM = "apple-generic";
				VERSION_INFO_PREFIX = "";
			};
			name = Release;
		};
		8909B5391BC791280060A053 /* Debug */ = {
			isa = XCBuildConfiguration;
			buildSettings = {
				CLANG_ENABLE_MODULES = YES;
				"CODE_SIGN_IDENTITY[sdk=iphoneos*]" = "";
				DEFINES_MODULE = YES;
				DYLIB_COMPATIBILITY_VERSION = 1;
				DYLIB_CURRENT_VERSION = 1;
				DYLIB_INSTALL_NAME_BASE = "@rpath";
				INFOPLIST_FILE = SKPhotoBrowser/Info.plist;
				INSTALL_PATH = "$(LOCAL_LIBRARY_DIR)/Frameworks";
				IPHONEOS_DEPLOYMENT_TARGET = 8.0;
				LD_RUNPATH_SEARCH_PATHS = "$(inherited) @executable_path/Frameworks @loader_path/Frameworks";
				PRODUCT_BUNDLE_IDENTIFIER = com.keishi.suzuki.SKPhotoBrowser;
				PRODUCT_NAME = "$(TARGET_NAME)";
				SKIP_INSTALL = YES;
				SWIFT_OPTIMIZATION_LEVEL = "-Onone";
				SWIFT_SWIFT3_OBJC_INFERENCE = Default;
				SWIFT_VERSION = 4.2;
			};
			name = Debug;
		};
		8909B53A1BC791280060A053 /* Release */ = {
			isa = XCBuildConfiguration;
			buildSettings = {
				CLANG_ENABLE_MODULES = YES;
				"CODE_SIGN_IDENTITY[sdk=iphoneos*]" = "";
				DEFINES_MODULE = YES;
				DYLIB_COMPATIBILITY_VERSION = 1;
				DYLIB_CURRENT_VERSION = 1;
				DYLIB_INSTALL_NAME_BASE = "@rpath";
				INFOPLIST_FILE = SKPhotoBrowser/Info.plist;
				INSTALL_PATH = "$(LOCAL_LIBRARY_DIR)/Frameworks";
				IPHONEOS_DEPLOYMENT_TARGET = 8.0;
				LD_RUNPATH_SEARCH_PATHS = "$(inherited) @executable_path/Frameworks @loader_path/Frameworks";
				PRODUCT_BUNDLE_IDENTIFIER = com.keishi.suzuki.SKPhotoBrowser;
				PRODUCT_NAME = "$(TARGET_NAME)";
				SKIP_INSTALL = YES;
				SWIFT_SWIFT3_OBJC_INFERENCE = Default;
				SWIFT_VERSION = 4.2;
			};
			name = Release;
		};
		A64B893B1CB04222000071B9 /* Debug */ = {
			isa = XCBuildConfiguration;
			buildSettings = {
				CLANG_ANALYZER_NONNULL = YES;
				INFOPLIST_FILE = SKPhotoBrowserTests/Info.plist;
				IPHONEOS_DEPLOYMENT_TARGET = 9.3;
				LD_RUNPATH_SEARCH_PATHS = "$(inherited) @executable_path/Frameworks @loader_path/Frameworks";
				PRODUCT_BUNDLE_IDENTIFIER = "Alexsander-Khitev.SKPhotoBrowserTests";
				PRODUCT_NAME = "$(TARGET_NAME)";
				SWIFT_VERSION = 3.0.1;
			};
			name = Debug;
		};
		A64B893C1CB04222000071B9 /* Release */ = {
			isa = XCBuildConfiguration;
			buildSettings = {
				CLANG_ANALYZER_NONNULL = YES;
				INFOPLIST_FILE = SKPhotoBrowserTests/Info.plist;
				IPHONEOS_DEPLOYMENT_TARGET = 9.3;
				LD_RUNPATH_SEARCH_PATHS = "$(inherited) @executable_path/Frameworks @loader_path/Frameworks";
				PRODUCT_BUNDLE_IDENTIFIER = "Alexsander-Khitev.SKPhotoBrowserTests";
				PRODUCT_NAME = "$(TARGET_NAME)";
				SWIFT_VERSION = 3.0.1;
			};
			name = Release;
		};
/* End XCBuildConfiguration section */

/* Begin XCConfigurationList section */
		8909B52A1BC791280060A053 /* Build configuration list for PBXProject "SKPhotoBrowser" */ = {
			isa = XCConfigurationList;
			buildConfigurations = (
				8909B5361BC791280060A053 /* Debug */,
				8909B5371BC791280060A053 /* Release */,
			);
			defaultConfigurationIsVisible = 0;
			defaultConfigurationName = Release;
		};
		8909B5381BC791280060A053 /* Build configuration list for PBXNativeTarget "SKPhotoBrowser" */ = {
			isa = XCConfigurationList;
			buildConfigurations = (
				8909B5391BC791280060A053 /* Debug */,
				8909B53A1BC791280060A053 /* Release */,
			);
			defaultConfigurationIsVisible = 0;
			defaultConfigurationName = Release;
		};
		A64B893D1CB04222000071B9 /* Build configuration list for PBXNativeTarget "SKPhotoBrowserTests" */ = {
			isa = XCConfigurationList;
			buildConfigurations = (
				A64B893B1CB04222000071B9 /* Debug */,
				A64B893C1CB04222000071B9 /* Release */,
			);
			defaultConfigurationIsVisible = 0;
			defaultConfigurationName = Release;
		};
/* End XCConfigurationList section */
	};
	rootObject = 8909B5271BC791280060A053 /* Project object */;
}
